{
	"name": "discord-economy-super",
	"version": "1.4.0",
	"lockfileVersion": 2,
	"requires": true,
	"packages": {
		"": {
			"version": "1.4.0",
			"hasInstallScript": true,
			"license": "MIT",
			"dependencies": {
				"lodash": "^4.17.21",
				"node-fetch": "^2.6.2"
			}
		},
		"node_modules/lodash": {
			"version": "4.17.21",
			"resolved": "https://registry.npmjs.org/lodash/-/lodash-4.17.21.tgz",
			"integrity": "sha512-v2kDEe57lecTulaDIuNTPy3Ry4gLGJ6Z1O3vE1krgXZNrsQ+LFTGHVxVjcXPs17LhbZVGedAJv8XZ1tvj5FvSg=="
		},
		"node_modules/node-fetch": {
			"version": "2.6.2",
			"resolved": "https://registry.npmjs.org/node-fetch/-/node-fetch-2.6.2.tgz",
			"integrity": "sha512-aLoxToI6RfZ+0NOjmWAgn9+LEd30YCkJKFSyWacNZdEKTit/ZMcKjGkTRo8uWEsnIb/hfKecNPEbln02PdWbcA==",
			"engines": {
				"node": "4.x || >=6.0.0"
			}
		}
	},
	"dependencies": {
		"lodash": {
			"version": "4.17.21",
			"resolved": "https://registry.npmjs.org/lodash/-/lodash-4.17.21.tgz",
			"integrity": "sha512-v2kDEe57lecTulaDIuNTPy3Ry4gLGJ6Z1O3vE1krgXZNrsQ+LFTGHVxVjcXPs17LhbZVGedAJv8XZ1tvj5FvSg=="
		},
		"node-fetch": {
			"version": "2.6.2",
			"resolved": "https://registry.npmjs.org/node-fetch/-/node-fetch-2.6.2.tgz",
			"integrity": "sha512-aLoxToI6RfZ+0NOjmWAgn9+LEd30YCkJKFSyWacNZdEKTit/ZMcKjGkTRo8uWEsnIb/hfKecNPEbln02PdWbcA=="
		}
	}
}
